# This file is automatically @generated by Cargo.
# It is not intended for manual editing.
version = 4

[[package]]
name = "beecrab"
version = "0.1.0"
dependencies = [
 "libc",
 "rapidhash",
]

[[package]]
name = "libc"
version = "0.2.185"
source = "registry+https://github.com/rust-lang/crates.io-index"
checksum = "52ff2c0fe9bc6cb6b14a0592c2ff4fa9ceb83eea9db979b0487cd054946a2b8f"

[[package]]
name = "rapidhash"
version = "4.4.1"
source = "registry+https://github.com/rust-lang/crates.io-index"
checksum = "b5e48930979c155e2f33aa36ab3119b5ee81332beb6482199a8ecd6029b80b59"
dependencies = [
 "rustversion",
]

[[package]]
name = "rustversion"
version = "1.0.22"
source = "registry+https://github.com/rust-lang/crates.io-index"
checksum = "b39cdef0fa800fc44525c84ccb54a029961a8215f9619753635a9c0d2538d46d"
